
Microsoft Visual Studio Solution File, Format Version 12.00
# Visual Studio Version 16
VisualStudioVersion = 16.0.30503.244
MinimumVisualStudioVersion = 10.0.40219.1
Project("{FAE04EC0-301F-11D3-BF4B-00C04F79EFBC}") = "bkalombo", "bkalombo\bkalombo.csproj", "{48D13F26-05C7-404A-86E3-54BDE9B2FCAA}"
EndProject
Global
	GlobalSection(SolutionConfigurationPlatforms) = preSolution
		Debug|Any CPU = Debug|Any CPU
		Release|Any CPU = Release|Any CPU
	EndGlobalSection
	GlobalSection(ProjectConfigurationPlatforms) = postSolution
		{48D13F26-05C7-404A-86E3-54BDE9B2FCAA}.Debug|Any CPU.ActiveCfg = Debug|Any CPU
		{48D13F26-05C7-404A-86E3-54BDE9B2FCAA}.Debug|Any CPU.Build.0 = Debug|Any CPU
		{48D13F26-05C7-404A-86E3-54BDE9B2FCAA}.Release|Any CPU.ActiveCfg = Release|Any CPU
		{48D13F26-05C7-404A-86E3-54BDE9B2FCAA}.Release|Any CPU.Build.0 = Release|Any CPU
	EndGlobalSection
	GlobalSection(SolutionProperties) = preSolution
		HideSolutionNode = FALSE
	EndGlobalSection
	GlobalSection(ExtensibilityGlobals) = postSolution
		SolutionGuid = {9A9912AA-F1B0-4C71-8FF5-7B8FC5C2562F}
	EndGlobalSection
EndGlobal
